
Microsoft Visual Studio Solution File, Format Version 12.00
# Visual Studio Version 17
VisualStudioVersion = 17.3.32922.545
MinimumVisualStudioVersion = 10.0.40219.1
Project("{FAE04EC0-301F-11D3-BF4B-00C04F79EFBC}") = "EjemploConverter.Android", "EjemploConverter.Android\EjemploConverter.Android.csproj", "{F07E3A20-8AF5-44B1-8DEA-314A6314D17A}"
EndProject
Project("{FAE04EC0-301F-11D3-BF4B-00C04F79EFBC}") = "EjemploConverter.iOS", "EjemploConverter.iOS\EjemploConverter.iOS.csproj", "{207DE53D-0874-4E50-974A-037FC8D269A2}"
EndProject
Project("{FAE04EC0-301F-11D3-BF4B-00C04F79EFBC}") = "EjemploConverter", "EjemploConverter\EjemploConverter.csproj", "{22839FE2-5242-41F3-B50B-D02A5E9BD461}"
EndProject
Global
	GlobalSection(SolutionConfigurationPlatforms) = preSolution
		Debug|Any CPU = Debug|Any CPU
		Debug|iPhone = Debug|iPhone
		Debug|iPhoneSimulator = Debug|iPhoneSimulator
		Release|Any CPU = Release|Any CPU
		Release|iPhone = Release|iPhone
		Release|iPhoneSimulator = Release|iPhoneSimulator
	EndGlobalSection
	GlobalSection(ProjectConfigurationPlatforms) = postSolution
		{F07E3A20-8AF5-44B1-8DEA-314A6314D17A}.Debug|Any CPU.ActiveCfg = Debug|Any CPU
		{F07E3A20-8AF5-44B1-8DEA-314A6314D17A}.Debug|Any CPU.Build.0 = Debug|Any CPU
		{F07E3A20-8AF5-44B1-8DEA-314A6314D17A}.Debug|Any CPU.Deploy.0 = Debug|Any CPU
		{F07E3A20-8AF5-44B1-8DEA-314A6314D17A}.Debug|iPhone.ActiveCfg = Debug|Any CPU
		{F07E3A20-8AF5-44B1-8DEA-314A6314D17A}.Debug|iPhone.Build.0 = Debug|Any CPU
		{F07E3A20-8AF5-44B1-8DEA-314A6314D17A}.Debug|iPhone.Deploy.0 = Debug|Any CPU
		{F07E3A20-8AF5-44B1-8DEA-314A6314D17A}.Debug|iPhoneSimulator.ActiveCfg = Debug|Any CPU
		{F07E3A20-8AF5-44B1-8DEA-314A6314D17A}.Debug|iPhoneSimulator.Build.0 = Debug|Any CPU
		{F07E3A20-8AF5-44B1-8DEA-314A6314D17A}.Debug|iPhoneSimulator.Deploy.0 = Debug|Any CPU
		{F07E3A20-8AF5-44B1-8DEA-314A6314D17A}.Release|Any CPU.ActiveCfg = Release|Any CPU
		{F07E3A20-8AF5-44B1-8DEA-314A6314D17A}.Release|Any CPU.Build.0 = Release|Any CPU
		{F07E3A20-8AF5-44B1-8DEA-314A6314D17A}.Release|Any CPU.Deploy.0 = Release|Any CPU
		{F07E3A20-8AF5-44B1-8DEA-314A6314D17A}.Release|iPhone.ActiveCfg = Release|Any CPU
		{F07E3A20-8AF5-44B1-8DEA-314A6314D17A}.Release|iPhone.Build.0 = Release|Any CPU
		{F07E3A20-8AF5-44B1-8DEA-314A6314D17A}.Release|iPhone.Deploy.0 = Release|Any CPU
		{F07E3A20-8AF5-44B1-8DEA-314A6314D17A}.Release|iPhoneSimulator.ActiveCfg = Release|Any CPU
		{F07E3A20-8AF5-44B1-8DEA-314A6314D17A}.Release|iPhoneSimulator.Build.0 = Release|Any CPU
		{F07E3A20-8AF5-44B1-8DEA-314A6314D17A}.Release|iPhoneSimulator.Deploy.0 = Release|Any CPU
		{207DE53D-0874-4E50-974A-037FC8D269A2}.Debug|Any CPU.ActiveCfg = Debug|iPhone
		{207DE53D-0874-4E50-974A-037FC8D269A2}.Debug|Any CPU.Build.0 = Debug|iPhone
		{207DE53D-0874-4E50-974A-037FC8D269A2}.Debug|Any CPU.Deploy.0 = Debug|iPhone
		{207DE53D-0874-4E50-974A-037FC8D269A2}.Debug|iPhone.ActiveCfg = Debug|iPhone
		{207DE53D-0874-4E50-974A-037FC8D269A2}.Debug|iPhone.Build.0 = Debug|iPhone
		{207DE53D-0874-4E50-974A-037FC8D269A2}.Debug|iPhone.Deploy.0 = Debug|iPhone
		{207DE53D-0874-4E50-974A-037FC8D269A2}.Debug|iPhoneSimulator.ActiveCfg = Debug|iPhoneSimulator
		{207DE53D-0874-4E50-974A-037FC8D269A2}.Debug|iPhoneSimulator.Build.0 = Debug|iPhoneSimulator
		{207DE53D-0874-4E50-974A-037FC8D269A2}.Debug|iPhoneSimulator.Deploy.0 = Debug|iPhoneSimulator
		{207DE53D-0874-4E50-974A-037FC8D269A2}.Release|Any CPU.ActiveCfg = Release|iPhoneSimulator
		{207DE53D-0874-4E50-974A-037FC8D269A2}.Release|Any CPU.Build.0 = Release|iPhoneSimulator
		{207DE53D-0874-4E50-974A-037FC8D269A2}.Release|Any CPU.Deploy.0 = Release|iPhoneSimulator
		{207DE53D-0874-4E50-974A-037FC8D269A2}.Release|iPhone.ActiveCfg = Release|iPhone
		{207DE53D-0874-4E50-974A-037FC8D269A2}.Release|iPhone.Build.0 = Release|iPhone
		{207DE53D-0874-4E50-974A-037FC8D269A2}.Release|iPhone.Deploy.0 = Release|iPhone
		{207DE53D-0874-4E50-974A-037FC8D269A2}.Release|iPhoneSimulator.ActiveCfg = Release|iPhoneSimulator
		{207DE53D-0874-4E50-974A-037FC8D269A2}.Release|iPhoneSimulator.Build.0 = Release|iPhoneSimulator
		{207DE53D-0874-4E50-974A-037FC8D269A2}.Release|iPhoneSimulator.Deploy.0 = Release|iPhoneSimulator
		{22839FE2-5242-41F3-B50B-D02A5E9BD461}.Debug|Any CPU.ActiveCfg = Debug|Any CPU
		{22839FE2-5242-41F3-B50B-D02A5E9BD461}.Debug|Any CPU.Build.0 = Debug|Any CPU
		{22839FE2-5242-41F3-B50B-D02A5E9BD461}.Debug|Any CPU.Deploy.0 = Debug|Any CPU
		{22839FE2-5242-41F3-B50B-D02A5E9BD461}.Debug|iPhone.ActiveCfg = Debug|Any CPU
		{22839FE2-5242-41F3-B50B-D02A5E9BD461}.Debug|iPhone.Build.0 = Debug|Any CPU
		{22839FE2-5242-41F3-B50B-D02A5E9BD461}.Debug|iPhone.Deploy.0 = Debug|Any CPU
		{22839FE2-5242-41F3-B50B-D02A5E9BD461}.Debug|iPhoneSimulator.ActiveCfg = Debug|Any CPU
		{22839FE2-5242-41F3-B50B-D02A5E9BD461}.Debug|iPhoneSimulator.Build.0 = Debug|Any CPU
		{22839FE2-5242-41F3-B50B-D02A5E9BD461}.Debug|iPhoneSimulator.Deploy.0 = Debug|Any CPU
		{22839FE2-5242-41F3-B50B-D02A5E9BD461}.Release|Any CPU.ActiveCfg = Release|Any CPU
		{22839FE2-5242-41F3-B50B-D02A5E9BD461}.Release|Any CPU.Build.0 = Release|Any CPU
		{22839FE2-5242-41F3-B50B-D02A5E9BD461}.Release|Any CPU.Deploy.0 = Release|Any CPU
		{22839FE2-5242-41F3-B50B-D02A5E9BD461}.Release|iPhone.ActiveCfg = Release|Any CPU
		{22839FE2-5242-41F3-B50B-D02A5E9BD461}.Release|iPhone.Build.0 = Release|Any CPU
		{22839FE2-5242-41F3-B50B-D02A5E9BD461}.Release|iPhone.Deploy.0 = Release|Any CPU
		{22839FE2-5242-41F3-B50B-D02A5E9BD461}.Release|iPhoneSimulator.ActiveCfg = Release|Any CPU
		{22839FE2-5242-41F3-B50B-D02A5E9BD461}.Release|iPhoneSimulator.Build.0 = Release|Any CPU
		{22839FE2-5242-41F3-B50B-D02A5E9BD461}.Release|iPhoneSimulator.Deploy.0 = Release|Any CPU
	EndGlobalSection
	GlobalSection(SolutionProperties) = preSolution
		HideSolutionNode = FALSE
	EndGlobalSection
	GlobalSection(ExtensibilityGlobals) = postSolution
		SolutionGuid = {17A579D6-3B34-477E-944E-DF13D77E0629}
	EndGlobalSection
EndGlobal
